
Microsoft Visual Studio Solution File, Format Version 12.00
# Visual Studio 15
VisualStudioVersion = 15.0.28307.539
MinimumVisualStudioVersion = 10.0.40219.1
Project("{9A19103F-16F7-4668-BE54-9A1E7A4F7556}") = "Arrays", "Arrays\Arrays.csproj", "{AE6F283E-BD92-45F7-8B39-63AB4B7110AD}"
EndProject
Project("{9A19103F-16F7-4668-BE54-9A1E7A4F7556}") = "DictionariesHashmaps", "DictionariesHashmaps\DictionariesHashmaps.csproj", "{AFDCCA63-1531-4FA9-A244-F22E528C51C6}"
EndProject
Project("{9A19103F-16F7-4668-BE54-9A1E7A4F7556}") = "Sorting", "Sorting\Sorting.csproj", "{D33382B2-C6C2-4242-B6CA-FB6BD988EC18}"
EndProject
Project("{9A19103F-16F7-4668-BE54-9A1E7A4F7556}") = "StringManipulations", "StringManipulations\StringManipulations.csproj", "{B771E76E-A7CD-4E86-B611-1294B844B4FC}"
EndProject
Project("{FAE04EC0-301F-11D3-BF4B-00C04F79EFBC}") = "Greedy", "Greedy\Greedy.csproj", "{CCCB2E31-DB02-4ED1-89D9-061890E7AE95}"
EndProject
Global
	GlobalSection(SolutionConfigurationPlatforms) = preSolution
		Debug|Any CPU = Debug|Any CPU
		Release|Any CPU = Release|Any CPU
	EndGlobalSection
	GlobalSection(ProjectConfigurationPlatforms) = postSolution
		{AE6F283E-BD92-45F7-8B39-63AB4B7110AD}.Debug|Any CPU.ActiveCfg = Debug|Any CPU
		{AE6F283E-BD92-45F7-8B39-63AB4B7110AD}.Debug|Any CPU.Build.0 = Debug|Any CPU
		{AE6F283E-BD92-45F7-8B39-63AB4B7110AD}.Release|Any CPU.ActiveCfg = Release|Any CPU
		{AE6F283E-BD92-45F7-8B39-63AB4B7110AD}.Release|Any CPU.Build.0 = Release|Any CPU
		{AFDCCA63-1531-4FA9-A244-F22E528C51C6}.Debug|Any CPU.ActiveCfg = Debug|Any CPU
		{AFDCCA63-1531-4FA9-A244-F22E528C51C6}.Debug|Any CPU.Build.0 = Debug|Any CPU
		{AFDCCA63-1531-4FA9-A244-F22E528C51C6}.Release|Any CPU.ActiveCfg = Release|Any CPU
		{AFDCCA63-1531-4FA9-A244-F22E528C51C6}.Release|Any CPU.Build.0 = Release|Any CPU
		{D33382B2-C6C2-4242-B6CA-FB6BD988EC18}.Debug|Any CPU.ActiveCfg = Debug|Any CPU
		{D33382B2-C6C2-4242-B6CA-FB6BD988EC18}.Debug|Any CPU.Build.0 = Debug|Any CPU
		{D33382B2-C6C2-4242-B6CA-FB6BD988EC18}.Release|Any CPU.ActiveCfg = Release|Any CPU
		{D33382B2-C6C2-4242-B6CA-FB6BD988EC18}.Release|Any CPU.Build.0 = Release|Any CPU
		{B771E76E-A7CD-4E86-B611-1294B844B4FC}.Debug|Any CPU.ActiveCfg = Debug|Any CPU
		{B771E76E-A7CD-4E86-B611-1294B844B4FC}.Debug|Any CPU.Build.0 = Debug|Any CPU
		{B771E76E-A7CD-4E86-B611-1294B844B4FC}.Release|Any CPU.ActiveCfg = Release|Any CPU
		{B771E76E-A7CD-4E86-B611-1294B844B4FC}.Release|Any CPU.Build.0 = Release|Any CPU
		{CCCB2E31-DB02-4ED1-89D9-061890E7AE95}.Debug|Any CPU.ActiveCfg = Debug|Any CPU
		{CCCB2E31-DB02-4ED1-89D9-061890E7AE95}.Debug|Any CPU.Build.0 = Debug|Any CPU
		{CCCB2E31-DB02-4ED1-89D9-061890E7AE95}.Release|Any CPU.ActiveCfg = Release|Any CPU
		{CCCB2E31-DB02-4ED1-89D9-061890E7AE95}.Release|Any CPU.Build.0 = Release|Any CPU
	EndGlobalSection
	GlobalSection(SolutionProperties) = preSolution
		HideSolutionNode = FALSE
	EndGlobalSection
	GlobalSection(ExtensibilityGlobals) = postSolution
		SolutionGuid = {6DA00B2B-A25F-4C09-889F-9AFBF2995BE5}
	EndGlobalSection
EndGlobal
